
Microsoft Visual Studio Solution File, Format Version 12.00
# Visual Studio 15
VisualStudioVersion = 15.0.27130.2036
MinimumVisualStudioVersion = 10.0.40219.1
Project("{FAE04EC0-301F-11D3-BF4B-00C04F79EFBC}") = "RuntimeUnityEditor.Core", "RuntimeUnityEditor.Core\RuntimeUnityEditor.Core.csproj", "{A66A97B4-F32F-4748-8332-48F0876F0AAC}"
EndProject
Project("{FAE04EC0-301F-11D3-BF4B-00C04F79EFBC}") = "RuntimeUnityEditor.Subnautica", "RuntimeUnityEditor.Subnautica\RuntimeUnityEditor.Subnautica.csproj", "{D47771B5-646F-4A43-853A-7FC16A2576E5}"
EndProject
Global
	GlobalSection(SolutionConfigurationPlatforms) = preSolution
		BZ|Any CPU = BZ|Any CPU
		SN|Any CPU = SN|Any CPU
	EndGlobalSection
	GlobalSection(ProjectConfigurationPlatforms) = postSolution
		{A66A97B4-F32F-4748-8332-48F0876F0AAC}.BZ|Any CPU.ActiveCfg = BZ|Any CPU
		{A66A97B4-F32F-4748-8332-48F0876F0AAC}.BZ|Any CPU.Build.0 = BZ|Any CPU
		{A66A97B4-F32F-4748-8332-48F0876F0AAC}.SN|Any CPU.ActiveCfg = SN|Any CPU
		{A66A97B4-F32F-4748-8332-48F0876F0AAC}.SN|Any CPU.Build.0 = SN|Any CPU
		{D47771B5-646F-4A43-853A-7FC16A2576E5}.BZ|Any CPU.ActiveCfg = BZ|Any CPU
		{D47771B5-646F-4A43-853A-7FC16A2576E5}.BZ|Any CPU.Build.0 = BZ|Any CPU
		{D47771B5-646F-4A43-853A-7FC16A2576E5}.SN|Any CPU.ActiveCfg = SN|Any CPU
		{D47771B5-646F-4A43-853A-7FC16A2576E5}.SN|Any CPU.Build.0 = SN|Any CPU
	EndGlobalSection
	GlobalSection(SolutionProperties) = preSolution
		HideSolutionNode = FALSE
	EndGlobalSection
	GlobalSection(ExtensibilityGlobals) = postSolution
		SolutionGuid = {19B0272D-3305-4C60-8DD9-E15889B2FF54}
	EndGlobalSection
EndGlobal
